
Microsoft Visual Studio Solution File, Format Version 12.00
# Visual Studio 2012
Project("{8BC9CEB8-8B4A-11D0-8D11-00A0C91BC942}") = "Labaratornaya4", "Labaratornaya4\Labaratornaya4.vcxproj", "{7EB99BA5-0B6A-41B7-B30C-8F6978E42397}"
EndProject
Global
	GlobalSection(SolutionConfigurationPlatforms) = preSolution
		Debug|Win32 = Debug|Win32
		Release|Win32 = Release|Win32
	EndGlobalSection
	GlobalSection(ProjectConfigurationPlatforms) = postSolution
		{7EB99BA5-0B6A-41B7-B30C-8F6978E42397}.Debug|Win32.ActiveCfg = Debug|Win32
		{7EB99BA5-0B6A-41B7-B30C-8F6978E42397}.Debug|Win32.Build.0 = Debug|Win32
		{7EB99BA5-0B6A-41B7-B30C-8F6978E42397}.Release|Win32.ActiveCfg = Release|Win32
		{7EB99BA5-0B6A-41B7-B30C-8F6978E42397}.Release|Win32.Build.0 = Release|Win32
	EndGlobalSection
	GlobalSection(SolutionProperties) = preSolution
		HideSolutionNode = FALSE
	EndGlobalSection
EndGlobal
